{
  "nodes": {
    "helium-flake": {
      "inputs": {
        "nixpkgs": [
          "nixpkgs"
        ]
      },
      "locked": {
        "lastModified": 1788957903,
        "narHash": "sha256-1wRe69M+6vk6pBQvRaVShiBlOcELHqNkgJ+XHIpmt1g=",
        "owner": "oxcl",
        "repo": "nix-flake-helium-browser",
        "rev": "4fec073f7e3b1ecd8ae572dadfe18bbc795584d8",
        "type": "github"
      },
      "original": {
        "owner": "oxcl",
        "repo": "nix-flake-helium-browser",
        "type": "github"
      }
    },
    "home-manager": {
      "inputs": {
        "nixpkgs": [
          "nixpkgs"
        ]
      },
      "locked": {
        "lastModified": 1788642154,
        "narHash": "sha256-sPpQFVaFTDqO/4vvCAhuAhqTgqN/ygu+9eJcs5eB0js=",
        "owner": "nix-community",
        "repo": "home-manager",
        "rev": "fd0956c99c41ae3c13a73a638f1f7e963aebc4ab",
        "type": "github"
      },
      "original": {
        "owner": "nix-community",
        "ref": "release-26.05",
        "repo": "home-manager",
        "type": "github"
      }
    },
    "nixpkgs": {
      "locked": {
        "lastModified": 1789114715,
        "narHash": "sha256-ugpsyk3NM2s87vXfUiIIiibbJ4Pp0JPS5p/3mfs+q+c=",
        "owner": "nixos",
        "repo": "nixpkgs",
        "rev": "21a67dc470149f337cecafbe965d8d252a390518",
        "type": "github"
      },
      "original": {
        "owner": "nixos",
        "ref": "nixos-26.05",
        "repo": "nixpkgs",
        "type": "github"
      }
    },
    "noctalia": {
      "inputs": {
        "nixpkgs": [
          "nixpkgs"
        ]
      },
      "locked": {
        "lastModified": 1789157866,
        "narHash": "sha256-BdlCw2evvrYGO81HEf0NBJJecH3O9CgakjcAwb6srVY=",
        "owner": "noctalia-dev",
        "repo": "noctalia",
        "rev": "69ff3cedd811321da523e144340634f43b31bc60",
        "type": "github"
      },
      "original": {
        "owner": "noctalia-dev",
        "repo": "noctalia",
        "type": "github"
      }
    },
    "noctalia-greeter": {
      "inputs": {
        "nixpkgs": [
          "nixpkgs"
        ]
      },
      "locked": {
        "lastModified": 1789067198,
        "narHash": "sha256-4UeVdTny7Ir2G/NRVOcp966U6iOL8qgHLLyPr/u3Uvs=",
        "owner": "noctalia-dev",
        "repo": "noctalia-greeter",
        "rev": "dde61d85499c01ce0a9f9b8abfbc399da324dcd4",
        "type": "github"
      },
      "original": {
        "owner": "noctalia-dev",
        "repo": "noctalia-greeter",
        "type": "github"
      }
    },
    "obsidian-extensions": {
      "inputs": {
        "nixpkgs": [
          "nixpkgs"
        ],
        "treefmt-nix": "treefmt-nix"
      },
      "locked": {
        "lastModified": 1789638701,
        "narHash": "sha256-JBhH5ODqOSFo+5fLqiEZ4faxebj+Jmpf/8Ji9JBS7PY=",
        "owner": "karaolidis",
        "repo": "nix-obsidian-extensions",
        "rev": "c2e5913ea3059f0bc024fe4f5a6391eb7ea9b171",
        "type": "github"
      },
      "original": {
        "owner": "karaolidis",
        "repo": "nix-obsidian-extensions",
        "type": "github"
      }
    },
    "root": {
      "inputs": {
        "helium-flake": "helium-flake",
        "home-manager": "home-manager",
        "nixpkgs": "nixpkgs",
        "noctalia": "noctalia",
        "noctalia-greeter": "noctalia-greeter",
        "obsidian-extensions": "obsidian-extensions",
        "spicetify-nix": "spicetify-nix"
      }
    },
    "spicetify-nix": {
      "inputs": {
        "nixpkgs": [
          "nixpkgs"
        ],
        "systems": "systems"
      },
      "locked": {
        "lastModified": 1789291406,
        "narHash": "sha256-lfZ7yAaTZMuAzOSLjJ7ivrKIFk0E11koWTVgkWSXwuE=",
        "owner": "gerg-l",
        "repo": "spicetify-nix",
        "rev": "09eed5c95105aada9ffabd4c7eb6b345dc4ba66f",
        "type": "github"
      },
      "original": {
        "owner": "gerg-l",
        "repo": "spicetify-nix",
        "type": "github"
      }
    },
    "systems": {
      "locked": {
        "lastModified": 1681028828,
        "narHash": "sha256-Vy1rq5AaRuLzOxct8nz4T6wlgyUR7zLU309k9mBC768=",
        "owner": "nix-systems",
        "repo": "default",
        "rev": "da67096a3b9bf56a91d16901293e51ba5b49a27e",
        "type": "github"
      },
      "original": {
        "owner": "nix-systems",
        "repo": "default",
        "type": "github"
      }
    },
    "treefmt-nix": {
      "inputs": {
        "nixpkgs": [
          "obsidian-extensions",
          "nixpkgs"
        ]
      },
      "locked": {
        "lastModified": 1785360170,
        "narHash": "sha256-XE1lKgQ3eIO3E7zWryqcRsax+mYXod/5RHBn4YaR9YE=",
        "owner": "numtide",
        "repo": "treefmt-nix",
        "rev": "d1187f8bc71fb8aab02395869ec3f5c1920f75c0",
        "type": "github"
      },
      "original": {
        "owner": "numtide",
        "repo": "treefmt-nix",
        "type": "github"
      }
    }
  },
  "root": "root",
  "version": 7
}
